# THIS IS AN AUTOGENERATED FILE. DO NOT EDIT THIS FILE DIRECTLY.
# yarn lockfile v1


bs-node-ext@^0.2.0:
  version "0.2.0"
  resolved "https://registry.yarnpkg.com/bs-node-ext/-/bs-node-ext-0.2.0.tgz#628acefa292272bc16ebbfdacdf14bd9bef11c83"
  dependencies:
    bs-node buckletypes/bs-node

bs-node@buckletypes/bs-node:
  version "0.0.1"
  resolved "https://codeload.github.com/buckletypes/bs-node/tar.gz/20ef6d2d7c00e923aba33b0629ca5623a4460712"

bs-platform@^3.0.0:
  version "3.0.0"
  resolved "https://registry.yarnpkg.com/bs-platform/-/bs-platform-3.0.0.tgz#38f200730db52fdea37819376b6ac3dfb20244c0"
